{
  "name": "alejandroceron.d",
  "version": "1.0.0",
  "lockfileVersion": 3,
  "requires": true,
  "packages": {
    "": {
      "name": "alejandroceron.d",
      "version": "1.0.0",
      "license": "ISC",
      "dependencies": {
        "@fontsource/ia-writer-mono": "^5.0.7"
      }
    },
    "node_modules/@fontsource/ia-writer-mono": {
      "version": "5.0.7",
      "resolved": "https://registry.npmjs.org/@fontsource/ia-writer-mono/-/ia-writer-mono-5.0.7.tgz",
      "integrity": "sha512-dfOitIIZDlvXeeJHl7cKtWP9/nZ1Zj+9MQ/MPlcnPn7Yt/WRWHNK5rA1w5Wnyx4QZ+vDvOnznbj1agLH4kQA4w=="
    }
  }
}
